Microsoft Visual Studio Solution File, Format Version 12.00
# Visual Studio Version 17
VisualStudioVersion = 17.5.2.0
MinimumVisualStudioVersion = 10.0.40219.1
Project("{2150E333-8FDC-42A3-9474-1A3956D46DE8}") = "backend", "backend", "{1AE8ACA6-933B-BF2A-3671-3E2EAC007D16}"
EndProject
Project("{2150E333-8FDC-42A3-9474-1A3956D46DE8}") = "tests", "tests", "{0AB3BF05-4346-4AA6-1389-037BE0695223}"
EndProject
Project("{FAE04EC0-301F-11D3-BF4B-00C04F79EFBC}") = "CmfBudsService", "backend\CmfBudsService\CmfBudsService.csproj", "{B6175AD8-1E8A-73F7-2268-7B64D2D836E8}"
EndProject
Project("{FAE04EC0-301F-11D3-BF4B-00C04F79EFBC}") = "CmfBudsService.Tests", "tests\CmfBudsService.Tests\CmfBudsService.Tests.csproj", "{CD9D287F-FA4E-CC25-6350-781890F6D0CE}"
EndProject
Global
	GlobalSection(SolutionConfigurationPlatforms) = preSolution
		Debug|Any CPU = Debug|Any CPU
		Release|Any CPU = Release|Any CPU
	EndGlobalSection
	GlobalSection(ProjectConfigurationPlatforms) = postSolution
		{B6175AD8-1E8A-73F7-2268-7B64D2D836E8}.Debug|Any CPU.ActiveCfg = Debug|Any CPU
		{B6175AD8-1E8A-73F7-2268-7B64D2D836E8}.Debug|Any CPU.Build.0 = Debug|Any CPU
		{B6175AD8-1E8A-73F7-2268-7B64D2D836E8}.Release|Any CPU.ActiveCfg = Release|Any CPU
		{B6175AD8-1E8A-73F7-2268-7B64D2D836E8}.Release|Any CPU.Build.0 = Release|Any CPU
		{CD9D287F-FA4E-CC25-6350-781890F6D0CE}.Debug|Any CPU.ActiveCfg = Debug|Any CPU
		{CD9D287F-FA4E-CC25-6350-781890F6D0CE}.Debug|Any CPU.Build.0 = Debug|Any CPU
		{CD9D287F-FA4E-CC25-6350-781890F6D0CE}.Release|Any CPU.ActiveCfg = Release|Any CPU
		{CD9D287F-FA4E-CC25-6350-781890F6D0CE}.Release|Any CPU.Build.0 = Release|Any CPU
	EndGlobalSection
	GlobalSection(SolutionProperties) = preSolution
		HideSolutionNode = FALSE
	EndGlobalSection
	GlobalSection(NestedProjects) = preSolution
		{B6175AD8-1E8A-73F7-2268-7B64D2D836E8} = {1AE8ACA6-933B-BF2A-3671-3E2EAC007D16}
		{CD9D287F-FA4E-CC25-6350-781890F6D0CE} = {0AB3BF05-4346-4AA6-1389-037BE0695223}
	EndGlobalSection
	GlobalSection(ExtensibilityGlobals) = postSolution
		SolutionGuid = {71705FDE-D5F9-4957-8132-E2B2BDDBE2E6}
	EndGlobalSection
EndGlobal
